
Microsoft Visual Studio Solution File, Format Version 12.00
# Visual Studio Version 17
VisualStudioVersion = 17.4.33403.182
MinimumVisualStudioVersion = 10.0.40219.1
Project("{FAE04EC0-301F-11D3-BF4B-00C04F79EFBC}") = "Lab_2", "Lab_2\Lab_2.csproj", "{B7DE7E84-7F65-460E-91EB-7E1EDD251835}"
EndProject
Global
	GlobalSection(SolutionConfigurationPlatforms) = preSolution
		Debug|Any CPU = Debug|Any CPU
		Release|Any CPU = Release|Any CPU
	EndGlobalSection
	GlobalSection(ProjectConfigurationPlatforms) = postSolution
		{B7DE7E84-7F65-460E-91EB-7E1EDD251835}.Debug|Any CPU.ActiveCfg = Debug|Any CPU
		{B7DE7E84-7F65-460E-91EB-7E1EDD251835}.Debug|Any CPU.Build.0 = Debug|Any CPU
		{B7DE7E84-7F65-460E-91EB-7E1EDD251835}.Release|Any CPU.ActiveCfg = Release|Any CPU
		{B7DE7E84-7F65-460E-91EB-7E1EDD251835}.Release|Any CPU.Build.0 = Release|Any CPU
	EndGlobalSection
	GlobalSection(SolutionProperties) = preSolution
		HideSolutionNode = FALSE
	EndGlobalSection
	GlobalSection(ExtensibilityGlobals) = postSolution
		SolutionGuid = {F8D4EE8E-872F-4502-A897-7208DF9FB055}
	EndGlobalSection
EndGlobal
